
Microsoft Visual Studio Solution File, Format Version 12.00
# Visual Studio Version 17
VisualStudioVersion = 17.3.32819.101
MinimumVisualStudioVersion = 10.0.40219.1
Project("{FAE04EC0-301F-11D3-BF4B-00C04F79EFBC}") = "Module2HW6", "Module2HW6\Module2HW6.csproj", "{D372AAF5-449E-48E5-B426-7C19023FA0B8}"
EndProject
Global
	GlobalSection(SolutionConfigurationPlatforms) = preSolution
		Debug|Any CPU = Debug|Any CPU
		Release|Any CPU = Release|Any CPU
	EndGlobalSection
	GlobalSection(ProjectConfigurationPlatforms) = postSolution
		{D372AAF5-449E-48E5-B426-7C19023FA0B8}.Debug|Any CPU.ActiveCfg = Debug|Any CPU
		{D372AAF5-449E-48E5-B426-7C19023FA0B8}.Debug|Any CPU.Build.0 = Debug|Any CPU
		{D372AAF5-449E-48E5-B426-7C19023FA0B8}.Release|Any CPU.ActiveCfg = Release|Any CPU
		{D372AAF5-449E-48E5-B426-7C19023FA0B8}.Release|Any CPU.Build.0 = Release|Any CPU
	EndGlobalSection
	GlobalSection(SolutionProperties) = preSolution
		HideSolutionNode = FALSE
	EndGlobalSection
	GlobalSection(ExtensibilityGlobals) = postSolution
		SolutionGuid = {F191F5F9-383A-47A9-8EAD-A728044456BB}
	EndGlobalSection
EndGlobal
